{
  "version": 4,
  "terraform_version": "1.9.0",
  "serial": 41,
  "lineage": "12550b7a-21ff-dcc2-9658-5b7966434158",
  "outputs": {
    "instance_type": {
      "value": "t2.large",
      "type": "string"
    },
    "publicIP": {
      "value": "3.106.206.55",
      "type": "string"
    }
  },
  "resources": [
    {
      "mode": "managed",
      "type": "aws_instance",
      "name": "os1",
      "provider": "provider[\"registry.terraform.io/hashicorp/aws\"]",
      "instances": [
        {
          "schema_version": 1,
          "attributes": {
            "ami": "ami-09ccb67fcbf1d625c",
            "arn": "arn:aws:ec2:ap-southeast-2:770088366909:instance/i-0cfcf5ba3ddec3896",
            "associate_public_ip_address": true,
            "availability_zone": "ap-southeast-2a",
            "capacity_reservation_specification": [
              {
                "capacity_reservation_preference": "open",
                "capacity_reservation_target": []
              }
            ],
            "cpu_core_count": 2,
            "cpu_options": [
              {
                "amd_sev_snp": "",
                "core_count": 2,
                "threads_per_core": 1
              }
            ],
            "cpu_threads_per_core": 1,
            "credit_specification": [
              {
                "cpu_credits": "standard"
              }
            ],
            "disable_api_stop": false,
            "disable_api_termination": false,
            "ebs_block_device": [],
            "ebs_optimized": false,
            "enclave_options": [
              {
                "enabled": false
              }
            ],
            "ephemeral_block_device": [],
            "get_password_data": false,
            "hibernation": false,
            "host_id": "",
            "host_resource_group_arn": null,
            "iam_instance_profile": "",
            "id": "i-0cfcf5ba3ddec3896",
            "instance_initiated_shutdown_behavior": "stop",
            "instance_lifecycle": "",
            "instance_market_options": [],
            "instance_state": "running",
            "instance_type": "t2.large",
            "ipv6_address_count": 0,
            "ipv6_addresses": [],
            "key_name": "system-key-pair",
            "launch_template": [],
            "maintenance_options": [
              {
                "auto_recovery": "default"
              }
            ],
            "metadata_options": [
              {
                "http_endpoint": "enabled",
                "http_protocol_ipv6": "disabled",
                "http_put_response_hop_limit": 1,
                "http_tokens": "optional",
                "instance_metadata_tags": "disabled"
              }
            ],
            "monitoring": false,
            "network_interface": [],
            "outpost_arn": "",
            "password_data": "",
            "placement_group": "",
            "placement_partition_number": 0,
            "primary_network_interface_id": "eni-066e7abcd5188a89a",
            "private_dns": "ip-172-31-0-122.ap-southeast-2.compute.internal",
            "private_dns_name_options": [
              {
                "enable_resource_name_dns_a_record": false,
                "enable_resource_name_dns_aaaa_record": false,
                "hostname_type": "ip-name"
              }
            ],
            "private_ip": "172.31.0.122",
            "public_dns": "ec2-3-106-206-55.ap-southeast-2.compute.amazonaws.com",
            "public_ip": "3.106.206.55",
            "root_block_device": [
              {
                "delete_on_termination": true,
                "device_name": "/dev/xvda",
                "encrypted": false,
                "iops": 100,
                "kms_key_id": "",
                "tags": {},
                "tags_all": {},
                "throughput": 0,
                "volume_id": "vol-06d79edd481d8f401",
                "volume_size": 8,
                "volume_type": "gp2"
              }
            ],
            "secondary_private_ips": [],
            "security_groups": [
              "ssh-access"
            ],
            "source_dest_check": true,
            "spot_instance_request_id": "",
            "subnet_id": "subnet-08f315eb53535aeed",
            "tags": null,
            "tags_all": {},
            "tenancy": "default",
            "timeouts": null,
            "user_data": null,
            "user_data_base64": null,
            "user_data_replace_on_change": false,
            "volume_tags": null,
            "vpc_security_group_ids": [
              "sg-0b33eede1273c6abe"
            ]
          },
          "sensitive_attributes": [],
          "private": "eyJlMmJmYjczMC1lY2FhLTExZTYtOGY4OC0zNDM2M2JjN2M0YzAiOnsiY3JlYXRlIjo2MDAwMDAwMDAwMDAsImRlbGV0ZSI6MTIwMDAwMDAwMDAwMCwicmVhZCI6OTAwMDAwMDAwMDAwLCJ1cGRhdGUiOjYwMDAwMDAwMDAwMH0sInNjaGVtYV92ZXJzaW9uIjoiMSJ9",
          "dependencies": [
            "aws_key_pair.my_key_pair",
            "aws_security_group.ssh_access"
          ]
        }
      ]
    },
    {
      "mode": "managed",
      "type": "aws_key_pair",
      "name": "my_key_pair",
      "provider": "provider[\"registry.terraform.io/hashicorp/aws\"]",
      "instances": [
        {
          "schema_version": 1,
          "attributes": {
            "arn": "arn:aws:ec2:ap-southeast-2:770088366909:key-pair/system-key-pair",
            "fingerprint": "83:18:2d:bd:b0:e0:71:01:43:32:88:b1:02:38:e4:8c",
            "id": "system-key-pair",
            "key_name": "system-key-pair",
            "key_name_prefix": "",
            "key_pair_id": "key-003b77467a2b1617e",
            "key_type": "rsa",
            "public_key": "ssh-rsa AAAAB3NzaC1yc2EAAAADAQABAAABgQDAmV0hyvtCKtbiesS57ersVCa2gbKEKZByrKBw6KQrnsehSKzh4HxhOR7zzQeZbtwwPTt0oEPcm54LVcHhaFuHH8VZiS8BRwHrUBKuypESlgqDXKE4r1SH3GKA0XHRL+1AUie7gNNA+ML3LiM2CfiLFx+N3pD5eKTEh8+ToPa0w8H/4u6gJL6ZZt4IniSioW0yIeAWrLIsaMc2IAS0R78mNho4z8EUGYG1Zr77U/fapxPJdW0vYFJFfBEphITeeG9ojtC7tioTucf/baMXgwSYC9qEAsyZrWGH18BC60NVQ0ls6uqfMMEUoMIFYcAy656Tf093JFXICDH10BAaoAjzVHp30BhQWfDomtu/qRWr9LLklQFdUXwgHJCvQ7CUPggJhX3qOBHf41Ir9IbOKvE0v+sm3V3kvLFk3B2j6aEZLdBVT4wMfqVXgUcMc2nySKu0NoGOleeBv7hem71t6Efy6zkz0K2yNaO6t8SkB9UIhUTCkhPfsER2tRzHv2yLG/U= root@ip-172-31-0-236.ap-southeast-2.compute.internal",
            "tags": {},
            "tags_all": {}
          },
          "sensitive_attributes": [],
          "private": "eyJzY2hlbWFfdmVyc2lvbiI6IjEifQ=="
        }
      ]
    },
    {
      "mode": "managed",
      "type": "aws_security_group",
      "name": "ssh_access",
      "provider": "provider[\"registry.terraform.io/hashicorp/aws\"]",
      "instances": [
        {
          "schema_version": 1,
          "attributes": {
            "arn": "arn:aws:ec2:ap-southeast-2:770088366909:security-group/sg-0b33eede1273c6abe",
            "description": "Allow SSH access",
            "egress": [],
            "id": "sg-0b33eede1273c6abe",
            "ingress": [
              {
                "cidr_blocks": [
                  "0.0.0.0/0"
                ],
                "description": "",
                "from_port": 22,
                "ipv6_cidr_blocks": [],
                "prefix_list_ids": [],
                "protocol": "tcp",
                "security_groups": [],
                "self": false,
                "to_port": 22
              }
            ],
            "name": "ssh-access",
            "name_prefix": "",
            "owner_id": "770088366909",
            "revoke_rules_on_delete": false,
            "tags": {},
            "tags_all": {},
            "timeouts": null,
            "vpc_id": "vpc-0283f0f7428452ff1"
          },
          "sensitive_attributes": [],
          "private": "eyJlMmJmYjczMC1lY2FhLTExZTYtOGY4OC0zNDM2M2JjN2M0YzAiOnsiY3JlYXRlIjo2MDAwMDAwMDAwMDAsImRlbGV0ZSI6OTAwMDAwMDAwMDAwfSwic2NoZW1hX3ZlcnNpb24iOiIxIn0="
        }
      ]
    },
    {
      "mode": "managed",
      "type": "local_file",
      "name": "os_details",
      "provider": "provider[\"registry.terraform.io/hashicorp/local\"]",
      "instances": [
        {
          "schema_version": 0,
          "attributes": {
            "content": "3.106.206.55",
            "content_base64": null,
            "content_base64sha256": "QwdnbeQD76utiFHvYA5lFabBU0fyHPDGIJCYK58jvkE=",
            "content_base64sha512": "ry4CY+WK7/hHkitV9gwOgnihpAhwzxh71a8L9WQxc3AcfM3AMyh8Idd+hHWCQnVKpVJfyt+sjUlH2IlzNWtNgQ==",
            "content_md5": "00a3fe6d24c551a3577c5fa1b13e2494",
            "content_sha1": "4d414f97fa03d0ecd9b8fdd95e49eadf1a97e57a",
            "content_sha256": "4307676de403efabad8851ef600e6515a6c15347f21cf0c62090982b9f23be41",
            "content_sha512": "af2e0263e58aeff847922b55f60c0e8278a1a40870cf187bd5af0bf5643173701c7ccdc033287c21d77e84758242754aa5525fcadfac8d4947d88973356b4d81",
            "directory_permission": "0777",
            "file_permission": "0777",
            "filename": "./os_details.txt",
            "id": "4d414f97fa03d0ecd9b8fdd95e49eadf1a97e57a",
            "sensitive_content": null,
            "source": null
          },
          "sensitive_attributes": [
            [
              {
                "type": "get_attr",
                "value": "sensitive_content"
              }
            ]
          ],
          "dependencies": [
            "aws_instance.os1",
            "aws_key_pair.my_key_pair",
            "aws_security_group.ssh_access"
          ]
        }
      ]
    },
    {
      "mode": "managed",
      "type": "null_resource",
      "name": "add_ssh_key",
      "provider": "provider[\"registry.terraform.io/hashicorp/null\"]",
      "instances": [
        {
          "schema_version": 0,
          "attributes": {
            "id": "3364201451238344802",
            "triggers": null
          },
          "sensitive_attributes": [],
          "dependencies": [
            "aws_instance.os1",
            "aws_key_pair.my_key_pair",
            "aws_security_group.ssh_access"
          ]
        }
      ]
    }
  ],
  "check_results": null
}
